github.com/billcoding/gobatis v0.0.0-20210317005947-b660121b5205 h1:GzE5u0OjUO3yNl4ybRA/velkUIa5zheUDEMfnITsgSA=
github.com/billcoding/gobatis v0.0.0-20210317005947-b660121b5205/go.mod h1:vjUqVQ+9yPpLqvLLuhydHbTObCcDo1V6ie6cB3PsQzA=
github.com/go-sql-driver/mysql v1.5.0 h1:ozyZYNQW3x3HtqT1jira07DN2PArx2v7/mN66gGcHOs=
github.com/go-sql-driver/mysql v1.5.0/go.mod h1:DCzpHaOWr8IXmIStZouvnhqoel9Qv2LBy8hT2VhHyBg=
