github.com/billcoding/gobatis v0.0.0-20210313090501-052558524ef2 h1:hmso/yAm6HMyQa3dWeMsa2LqXvGrbyYX0HOHjCtxWZ8=
github.com/billcoding/gobatis v0.0.0-20210313090501-052558524ef2/go.mod h1:YwX4qo3jibc4ajGYkIxwcO/8yZELacbMQ3BjsZdfYnA=
github.com/go-sql-driver/mysql v1.5.0 h1:ozyZYNQW3x3HtqT1jira07DN2PArx2v7/mN66gGcHOs=
github.com/go-sql-driver/mysql v1.5.0/go.mod h1:DCzpHaOWr8IXmIStZouvnhqoel9Qv2LBy8hT2VhHyBg=
